
Microsoft Visual Studio Solution File, Format Version 12.00
# Visual Studio 14
VisualStudioVersion = 14.0.25420.1
MinimumVisualStudioVersion = 10.0.40219.1
Project("{FAE04EC0-301F-11D3-BF4B-00C04F79EFBC}") = "MRZVerifierAPI", "MRZVerifier\MRZVerifierAPI.csproj", "{4AED503A-8076-4BAC-94A2-24C9C2AA2FAD}"
	ProjectSection(ProjectDependencies) = postProject
		{542265A0-87F8-435D-95FA-8BFA00BEECA2} = {542265A0-87F8-435D-95FA-8BFA00BEECA2}
	EndProjectSection
EndProject
Project("{FAE04EC0-301F-11D3-BF4B-00C04F79EFBC}") = "PassportValidator", "PassportValidator\PassportValidator.csproj", "{542265A0-87F8-435D-95FA-8BFA00BEECA2}"
EndProject
Project("{FAE04EC0-301F-11D3-BF4B-00C04F79EFBC}") = "UnitTestMRZVerifier", "UnitTestMRZVerifier\UnitTestMRZVerifier.csproj", "{1F34F8B6-BE74-4AEB-AB29-C6D47C7E4F20}"
EndProject
Global
	GlobalSection(SolutionConfigurationPlatforms) = preSolution
		Debug|Any CPU = Debug|Any CPU
		Release|Any CPU = Release|Any CPU
	EndGlobalSection
	GlobalSection(ProjectConfigurationPlatforms) = postSolution
		{4AED503A-8076-4BAC-94A2-24C9C2AA2FAD}.Debug|Any CPU.ActiveCfg = Debug|Any CPU
		{4AED503A-8076-4BAC-94A2-24C9C2AA2FAD}.Debug|Any CPU.Build.0 = Debug|Any CPU
		{4AED503A-8076-4BAC-94A2-24C9C2AA2FAD}.Release|Any CPU.ActiveCfg = Release|Any CPU
		{4AED503A-8076-4BAC-94A2-24C9C2AA2FAD}.Release|Any CPU.Build.0 = Release|Any CPU
		{542265A0-87F8-435D-95FA-8BFA00BEECA2}.Debug|Any CPU.ActiveCfg = Debug|Any CPU
		{542265A0-87F8-435D-95FA-8BFA00BEECA2}.Debug|Any CPU.Build.0 = Debug|Any CPU
		{542265A0-87F8-435D-95FA-8BFA00BEECA2}.Release|Any CPU.ActiveCfg = Release|Any CPU
		{542265A0-87F8-435D-95FA-8BFA00BEECA2}.Release|Any CPU.Build.0 = Release|Any CPU
		{1F34F8B6-BE74-4AEB-AB29-C6D47C7E4F20}.Debug|Any CPU.ActiveCfg = Debug|Any CPU
		{1F34F8B6-BE74-4AEB-AB29-C6D47C7E4F20}.Debug|Any CPU.Build.0 = Debug|Any CPU
		{1F34F8B6-BE74-4AEB-AB29-C6D47C7E4F20}.Release|Any CPU.ActiveCfg = Release|Any CPU
		{1F34F8B6-BE74-4AEB-AB29-C6D47C7E4F20}.Release|Any CPU.Build.0 = Release|Any CPU
	EndGlobalSection
	GlobalSection(SolutionProperties) = preSolution
		HideSolutionNode = FALSE
	EndGlobalSection
EndGlobal
